
Microsoft Visual Studio Solution File, Format Version 12.00
# Visual Studio Version 17
VisualStudioVersion = 17.14.36811.4 d17.14
MinimumVisualStudioVersion = 10.0.40219.1
Project("{FAE04EC0-301F-11D3-BF4B-00C04F79EFBC}") = "WebApplication3", "WebApplication3\WebApplication3.csproj", "{2FBDB0B7-741C-4689-88A3-7C4E6067F9E2}"
EndProject
Global
	GlobalSection(SolutionConfigurationPlatforms) = preSolution
		Debug|Any CPU = Debug|Any CPU
		Release|Any CPU = Release|Any CPU
	EndGlobalSection
	GlobalSection(ProjectConfigurationPlatforms) = postSolution
		{2FBDB0B7-741C-4689-88A3-7C4E6067F9E2}.Debug|Any CPU.ActiveCfg = Debug|Any CPU
		{2FBDB0B7-741C-4689-88A3-7C4E6067F9E2}.Debug|Any CPU.Build.0 = Debug|Any CPU
		{2FBDB0B7-741C-4689-88A3-7C4E6067F9E2}.Release|Any CPU.ActiveCfg = Release|Any CPU
		{2FBDB0B7-741C-4689-88A3-7C4E6067F9E2}.Release|Any CPU.Build.0 = Release|Any CPU
	EndGlobalSection
	GlobalSection(SolutionProperties) = preSolution
		HideSolutionNode = FALSE
	EndGlobalSection
	GlobalSection(ExtensibilityGlobals) = postSolution
		SolutionGuid = {73A5E214-ABD3-401C-96BA-C78D0AC15045}
	EndGlobalSection
EndGlobal
