
Microsoft Visual Studio Solution File, Format Version 12.00
# Visual Studio Version 17
VisualStudioVersion = 17.14.36811.4 d17.14
MinimumVisualStudioVersion = 10.0.40219.1
Project("{FAE04EC0-301F-11D3-BF4B-00C04F79EFBC}") = "ConsoleApp2", "ConsoleApp2\ConsoleApp2.csproj", "{B3D3FF6E-A38A-4E88-98EB-D199E5398D54}"
EndProject
Global
	GlobalSection(SolutionConfigurationPlatforms) = preSolution
		Debug|Any CPU = Debug|Any CPU
		Release|Any CPU = Release|Any CPU
	EndGlobalSection
	GlobalSection(ProjectConfigurationPlatforms) = postSolution
		{B3D3FF6E-A38A-4E88-98EB-D199E5398D54}.Debug|Any CPU.ActiveCfg = Debug|Any CPU
		{B3D3FF6E-A38A-4E88-98EB-D199E5398D54}.Debug|Any CPU.Build.0 = Debug|Any CPU
		{B3D3FF6E-A38A-4E88-98EB-D199E5398D54}.Release|Any CPU.ActiveCfg = Release|Any CPU
		{B3D3FF6E-A38A-4E88-98EB-D199E5398D54}.Release|Any CPU.Build.0 = Release|Any CPU
	EndGlobalSection
	GlobalSection(SolutionProperties) = preSolution
		HideSolutionNode = FALSE
	EndGlobalSection
	GlobalSection(ExtensibilityGlobals) = postSolution
		SolutionGuid = {A4321F38-1555-438E-9999-0F5D02C40526}
	EndGlobalSection
EndGlobal
