
Microsoft Visual Studio Solution File, Format Version 12.00
# Visual Studio Version 17
VisualStudioVersion = 17.14.36811.4 d17.14
MinimumVisualStudioVersion = 10.0.40219.1
Project("{FAE04EC0-301F-11D3-BF4B-00C04F79EFBC}") = "Exercise1", "Exercise1\Exercise1.csproj", "{61CFBC7F-A266-480D-888A-502F20911B31}"
EndProject
Global
	GlobalSection(SolutionConfigurationPlatforms) = preSolution
		Debug|Any CPU = Debug|Any CPU
		Release|Any CPU = Release|Any CPU
	EndGlobalSection
	GlobalSection(ProjectConfigurationPlatforms) = postSolution
		{61CFBC7F-A266-480D-888A-502F20911B31}.Debug|Any CPU.ActiveCfg = Debug|Any CPU
		{61CFBC7F-A266-480D-888A-502F20911B31}.Debug|Any CPU.Build.0 = Debug|Any CPU
		{61CFBC7F-A266-480D-888A-502F20911B31}.Release|Any CPU.ActiveCfg = Release|Any CPU
		{61CFBC7F-A266-480D-888A-502F20911B31}.Release|Any CPU.Build.0 = Release|Any CPU
	EndGlobalSection
	GlobalSection(SolutionProperties) = preSolution
		HideSolutionNode = FALSE
	EndGlobalSection
	GlobalSection(ExtensibilityGlobals) = postSolution
		SolutionGuid = {42E5C6D5-F791-425F-8CA5-ED97789EF067}
	EndGlobalSection
EndGlobal
