
Microsoft Visual Studio Solution File, Format Version 12.00
# Visual Studio Version 17
VisualStudioVersion = 17.14.36811.4 d17.14
MinimumVisualStudioVersion = 10.0.40219.1
Project("{FAE04EC0-301F-11D3-BF4B-00C04F79EFBC}") = "Exercise3", "Exercise3\Exercise3.csproj", "{EA554A1C-8E38-4D55-8E57-647321E7AF4D}"
EndProject
Project("{FAE04EC0-301F-11D3-BF4B-00C04F79EFBC}") = "ClassLibrary1", "ClassLibrary1\ClassLibrary1.csproj", "{B4D82A6B-0F0B-4915-A308-32985B323311}"
EndProject
Global
	GlobalSection(SolutionConfigurationPlatforms) = preSolution
		Debug|Any CPU = Debug|Any CPU
		Release|Any CPU = Release|Any CPU
	EndGlobalSection
	GlobalSection(ProjectConfigurationPlatforms) = postSolution
		{EA554A1C-8E38-4D55-8E57-647321E7AF4D}.Debug|Any CPU.ActiveCfg = Debug|Any CPU
		{EA554A1C-8E38-4D55-8E57-647321E7AF4D}.Debug|Any CPU.Build.0 = Debug|Any CPU
		{EA554A1C-8E38-4D55-8E57-647321E7AF4D}.Release|Any CPU.ActiveCfg = Release|Any CPU
		{EA554A1C-8E38-4D55-8E57-647321E7AF4D}.Release|Any CPU.Build.0 = Release|Any CPU
		{B4D82A6B-0F0B-4915-A308-32985B323311}.Debug|Any CPU.ActiveCfg = Debug|Any CPU
		{B4D82A6B-0F0B-4915-A308-32985B323311}.Debug|Any CPU.Build.0 = Debug|Any CPU
		{B4D82A6B-0F0B-4915-A308-32985B323311}.Release|Any CPU.ActiveCfg = Release|Any CPU
		{B4D82A6B-0F0B-4915-A308-32985B323311}.Release|Any CPU.Build.0 = Release|Any CPU
	EndGlobalSection
	GlobalSection(SolutionProperties) = preSolution
		HideSolutionNode = FALSE
	EndGlobalSection
	GlobalSection(ExtensibilityGlobals) = postSolution
		SolutionGuid = {4534486B-6E32-460B-B117-734ABF36883D}
	EndGlobalSection
EndGlobal
