
Microsoft Visual Studio Solution File, Format Version 12.00
# Visual Studio Version 17
VisualStudioVersion = 17.14.36811.4 d17.14
MinimumVisualStudioVersion = 10.0.40219.1
Project("{FAE04EC0-301F-11D3-BF4B-00C04F79EFBC}") = "NewProject", "NewProject\NewProject.csproj", "{DA468511-582F-4F9D-97EF-C1AC8C3E77CF}"
EndProject
Global
	GlobalSection(SolutionConfigurationPlatforms) = preSolution
		Debug|Any CPU = Debug|Any CPU
		Release|Any CPU = Release|Any CPU
	EndGlobalSection
	GlobalSection(ProjectConfigurationPlatforms) = postSolution
		{DA468511-582F-4F9D-97EF-C1AC8C3E77CF}.Debug|Any CPU.ActiveCfg = Debug|Any CPU
		{DA468511-582F-4F9D-97EF-C1AC8C3E77CF}.Debug|Any CPU.Build.0 = Debug|Any CPU
		{DA468511-582F-4F9D-97EF-C1AC8C3E77CF}.Release|Any CPU.ActiveCfg = Release|Any CPU
		{DA468511-582F-4F9D-97EF-C1AC8C3E77CF}.Release|Any CPU.Build.0 = Release|Any CPU
	EndGlobalSection
	GlobalSection(SolutionProperties) = preSolution
		HideSolutionNode = FALSE
	EndGlobalSection
	GlobalSection(ExtensibilityGlobals) = postSolution
		SolutionGuid = {032D365C-886C-4E6F-9FD6-45E492AD51F7}
	EndGlobalSection
EndGlobal
