
Microsoft Visual Studio Solution File, Format Version 12.00
# Visual Studio Version 17
VisualStudioVersion = 17.14.36811.4
MinimumVisualStudioVersion = 10.0.40219.1
Project("{FAE04EC0-301F-11D3-BF4B-00C04F79EFBC}") = "Exercise7", "Exercise7\Exercise7.csproj", "{EADE156A-692F-4090-BA66-FFCF1C98B699}"
EndProject
Project("{FAE04EC0-301F-11D3-BF4B-00C04F79EFBC}") = "ClassLibrary1", "ClassLibrary1\ClassLibrary1.csproj", "{ABBBD53D-8970-4D1A-9D6A-FD8E78CB0DA5}"
EndProject
Global
	GlobalSection(SolutionConfigurationPlatforms) = preSolution
		Debug|Any CPU = Debug|Any CPU
		Release|Any CPU = Release|Any CPU
	EndGlobalSection
	GlobalSection(ProjectConfigurationPlatforms) = postSolution
		{EADE156A-692F-4090-BA66-FFCF1C98B699}.Debug|Any CPU.ActiveCfg = Debug|Any CPU
		{EADE156A-692F-4090-BA66-FFCF1C98B699}.Release|Any CPU.ActiveCfg = Release|Any CPU
		{EADE156A-692F-4090-BA66-FFCF1C98B699}.Release|Any CPU.Build.0 = Release|Any CPU
		{ABBBD53D-8970-4D1A-9D6A-FD8E78CB0DA5}.Debug|Any CPU.ActiveCfg = Debug|Any CPU
		{ABBBD53D-8970-4D1A-9D6A-FD8E78CB0DA5}.Debug|Any CPU.Build.0 = Debug|Any CPU
		{ABBBD53D-8970-4D1A-9D6A-FD8E78CB0DA5}.Release|Any CPU.ActiveCfg = Release|Any CPU
		{ABBBD53D-8970-4D1A-9D6A-FD8E78CB0DA5}.Release|Any CPU.Build.0 = Release|Any CPU
	EndGlobalSection
	GlobalSection(SolutionProperties) = preSolution
		HideSolutionNode = FALSE
	EndGlobalSection
	GlobalSection(ExtensibilityGlobals) = postSolution
		SolutionGuid = {E13FEB36-2B25-4C93-A42F-8B198566B2E4}
	EndGlobalSection
EndGlobal
