
Microsoft Visual Studio Solution File, Format Version 12.00
# Visual Studio Version 17
VisualStudioVersion = 17.14.36811.4 d17.14
MinimumVisualStudioVersion = 10.0.40219.1
Project("{FAE04EC0-301F-11D3-BF4B-00C04F79EFBC}") = "Exercise8", "Exercise8\Exercise8.csproj", "{6EA28D7B-936E-4C75-9539-47446978E1F2}"
EndProject
Global
	GlobalSection(SolutionConfigurationPlatforms) = preSolution
		Debug|Any CPU = Debug|Any CPU
		Release|Any CPU = Release|Any CPU
	EndGlobalSection
	GlobalSection(ProjectConfigurationPlatforms) = postSolution
		{6EA28D7B-936E-4C75-9539-47446978E1F2}.Debug|Any CPU.ActiveCfg = Debug|Any CPU
		{6EA28D7B-936E-4C75-9539-47446978E1F2}.Debug|Any CPU.Build.0 = Debug|Any CPU
		{6EA28D7B-936E-4C75-9539-47446978E1F2}.Release|Any CPU.ActiveCfg = Release|Any CPU
		{6EA28D7B-936E-4C75-9539-47446978E1F2}.Release|Any CPU.Build.0 = Release|Any CPU
	EndGlobalSection
	GlobalSection(SolutionProperties) = preSolution
		HideSolutionNode = FALSE
	EndGlobalSection
	GlobalSection(ExtensibilityGlobals) = postSolution
		SolutionGuid = {76DA7474-CFC2-4E05-9DFD-B244B2909F06}
	EndGlobalSection
EndGlobal
